
Microsoft Visual Studio Solution File, Format Version 12.00
# Visual Studio Version 17
VisualStudioVersion = 17.13.35931.197
MinimumVisualStudioVersion = 10.0.40219.1
Project("{FAE04EC0-301F-11D3-BF4B-00C04F79EFBC}") = "project2_app.Android", "..\project2_app\project2_app.Android\project2_app.Android.csproj", "{2CE2292B-CF19-49F8-AED3-D8E8D478CA58}"
EndProject
Project("{FAE04EC0-301F-11D3-BF4B-00C04F79EFBC}") = "project2_app", "..\project2_app\project2_app\project2_app.csproj", "{496AFC08-A58B-486C-B7F7-9B21CB364D0A}"
EndProject
Global
	GlobalSection(SolutionConfigurationPlatforms) = preSolution
		Debug|Any CPU = Debug|Any CPU
		Release|Any CPU = Release|Any CPU
	EndGlobalSection
	GlobalSection(ProjectConfigurationPlatforms) = postSolution
		{2CE2292B-CF19-49F8-AED3-D8E8D478CA58}.Debug|Any CPU.ActiveCfg = Debug|Any CPU
		{2CE2292B-CF19-49F8-AED3-D8E8D478CA58}.Debug|Any CPU.Build.0 = Debug|Any CPU
		{2CE2292B-CF19-49F8-AED3-D8E8D478CA58}.Debug|Any CPU.Deploy.0 = Debug|Any CPU
		{2CE2292B-CF19-49F8-AED3-D8E8D478CA58}.Release|Any CPU.ActiveCfg = Release|Any CPU
		{2CE2292B-CF19-49F8-AED3-D8E8D478CA58}.Release|Any CPU.Build.0 = Release|Any CPU
		{2CE2292B-CF19-49F8-AED3-D8E8D478CA58}.Release|Any CPU.Deploy.0 = Release|Any CPU
		{496AFC08-A58B-486C-B7F7-9B21CB364D0A}.Debug|Any CPU.ActiveCfg = Debug|Any CPU
		{496AFC08-A58B-486C-B7F7-9B21CB364D0A}.Debug|Any CPU.Build.0 = Debug|Any CPU
		{496AFC08-A58B-486C-B7F7-9B21CB364D0A}.Release|Any CPU.ActiveCfg = Release|Any CPU
		{496AFC08-A58B-486C-B7F7-9B21CB364D0A}.Release|Any CPU.Build.0 = Release|Any CPU
	EndGlobalSection
	GlobalSection(SolutionProperties) = preSolution
		HideSolutionNode = FALSE
	EndGlobalSection
	GlobalSection(ExtensibilityGlobals) = postSolution
		SolutionGuid = {C28F4769-942D-483A-8C27-A48C0620E7AB}
	EndGlobalSection
EndGlobal
